
Microsoft Visual Studio Solution File, Format Version 12.00
# Visual Studio 14
VisualStudioVersion = 14.0.24720.0
MinimumVisualStudioVersion = 10.0.40219.1
Project("{FAE04EC0-301F-11D3-BF4B-00C04F79EFBC}") = "BoggleClient", "BoggleClient\BoggleClient.csproj", "{B3CBFCD6-CC1D-4127-85F6-CA1F5D6D653A}"
EndProject
Project("{FAE04EC0-301F-11D3-BF4B-00C04F79EFBC}") = "BoggleAPIClient", "BoggleAPIClient\BoggleAPIClient.csproj", "{257044C2-C495-4736-B5C6-D437216BC9B6}"
EndProject
Project("{FAE04EC0-301F-11D3-BF4B-00C04F79EFBC}") = "BoggleModelTest", "BoggleModelTest\BoggleModelTest.csproj", "{3E2DDA90-EA67-4B8E-8AB2-6807CF1818AE}"
EndProject
Global
	GlobalSection(SolutionConfigurationPlatforms) = preSolution
		Debug|Any CPU = Debug|Any CPU
		Release|Any CPU = Release|Any CPU
	EndGlobalSection
	GlobalSection(ProjectConfigurationPlatforms) = postSolution
		{B3CBFCD6-CC1D-4127-85F6-CA1F5D6D653A}.Debug|Any CPU.ActiveCfg = Debug|Any CPU
		{B3CBFCD6-CC1D-4127-85F6-CA1F5D6D653A}.Debug|Any CPU.Build.0 = Debug|Any CPU
		{B3CBFCD6-CC1D-4127-85F6-CA1F5D6D653A}.Release|Any CPU.ActiveCfg = Release|Any CPU
		{B3CBFCD6-CC1D-4127-85F6-CA1F5D6D653A}.Release|Any CPU.Build.0 = Release|Any CPU
		{257044C2-C495-4736-B5C6-D437216BC9B6}.Debug|Any CPU.ActiveCfg = Debug|Any CPU
		{257044C2-C495-4736-B5C6-D437216BC9B6}.Debug|Any CPU.Build.0 = Debug|Any CPU
		{257044C2-C495-4736-B5C6-D437216BC9B6}.Release|Any CPU.ActiveCfg = Release|Any CPU
		{257044C2-C495-4736-B5C6-D437216BC9B6}.Release|Any CPU.Build.0 = Release|Any CPU
		{3E2DDA90-EA67-4B8E-8AB2-6807CF1818AE}.Debug|Any CPU.ActiveCfg = Debug|Any CPU
		{3E2DDA90-EA67-4B8E-8AB2-6807CF1818AE}.Debug|Any CPU.Build.0 = Debug|Any CPU
		{3E2DDA90-EA67-4B8E-8AB2-6807CF1818AE}.Release|Any CPU.ActiveCfg = Release|Any CPU
		{3E2DDA90-EA67-4B8E-8AB2-6807CF1818AE}.Release|Any CPU.Build.0 = Release|Any CPU
	EndGlobalSection
	GlobalSection(SolutionProperties) = preSolution
		HideSolutionNode = FALSE
	EndGlobalSection
EndGlobal
